
Microsoft Visual Studio Solution File, Format Version 12.00
# Visual Studio Version 17
VisualStudioVersion = 17.0.31912.275
MinimumVisualStudioVersion = 10.0.40219.1
Project("{9A19103F-16F7-4668-BE54-9A1E7A4F7556}") = "PixelSandbox", "PixelSandbox.csproj", "{B3A44F29-CDC7-4E6A-9F27-0972284EFF12}"
EndProject
Global
	GlobalSection(SolutionConfigurationPlatforms) = preSolution
		Debug|Any CPU = Debug|Any CPU
		Release|Any CPU = Release|Any CPU
	EndGlobalSection
	GlobalSection(ProjectConfigurationPlatforms) = postSolution
		{B3A44F29-CDC7-4E6A-9F27-0972284EFF12}.Debug|Any CPU.ActiveCfg = Debug|Any CPU
		{B3A44F29-CDC7-4E6A-9F27-0972284EFF12}.Debug|Any CPU.Build.0 = Debug|Any CPU
		{B3A44F29-CDC7-4E6A-9F27-0972284EFF12}.Release|Any CPU.ActiveCfg = Release|Any CPU
		{B3A44F29-CDC7-4E6A-9F27-0972284EFF12}.Release|Any CPU.Build.0 = Release|Any CPU
	EndGlobalSection
	GlobalSection(SolutionProperties) = preSolution
		HideSolutionNode = FALSE
	EndGlobalSection
	GlobalSection(ExtensibilityGlobals) = postSolution
		SolutionGuid = {759E4C7D-79C2-451A-8F44-CA8A8FB8D729}
	EndGlobalSection
EndGlobal
